
Microsoft Visual Studio Solution File, Format Version 12.00
# Visual Studio 2015
Project("{FAE04EC0-301F-11D3-BF4B-00C04F79EFBC}") = "JimRunner.CSharp", "JimRunner.CSharp.csproj", "{FAA77621-1181-6278-8965-F1888B2FC61D}"
EndProject
Project("{FAE04EC0-301F-11D3-BF4B-00C04F79EFBC}") = "JimRunner.CSharp.Editor", "JimRunner.CSharp.Editor.csproj", "{2F396A94-8DAD-BBC4-858A-10E6C4E3FA94}"
EndProject
Global
	GlobalSection(SolutionConfigurationPlatforms) = preSolution
		Debug|Any CPU = Debug|Any CPU
		Release|Any CPU = Release|Any CPU
	EndGlobalSection
	GlobalSection(ProjectConfigurationPlatforms) = postSolution
		{FAA77621-1181-6278-8965-F1888B2FC61D}.Debug|Any CPU.ActiveCfg = Debug|Any CPU
		{FAA77621-1181-6278-8965-F1888B2FC61D}.Debug|Any CPU.Build.0 = Debug|Any CPU
		{FAA77621-1181-6278-8965-F1888B2FC61D}.Release|Any CPU.ActiveCfg = Release|Any CPU
		{FAA77621-1181-6278-8965-F1888B2FC61D}.Release|Any CPU.Build.0 = Release|Any CPU
		{2F396A94-8DAD-BBC4-858A-10E6C4E3FA94}.Debug|Any CPU.ActiveCfg = Debug|Any CPU
		{2F396A94-8DAD-BBC4-858A-10E6C4E3FA94}.Debug|Any CPU.Build.0 = Debug|Any CPU
		{2F396A94-8DAD-BBC4-858A-10E6C4E3FA94}.Release|Any CPU.ActiveCfg = Release|Any CPU
		{2F396A94-8DAD-BBC4-858A-10E6C4E3FA94}.Release|Any CPU.Build.0 = Release|Any CPU
	EndGlobalSection
	GlobalSection(SolutionProperties) = preSolution
		HideSolutionNode = FALSE
	EndGlobalSection
EndGlobal
